// !$*UTF8*$!
{
	archiveVersion = 1;
	classes = {
	};
	objectVersion = 46;
	objects = {

/* Begin PBXBuildFile section */
		282C66FE1AE782FE00968D1C /* main.m in Sources */ = {isa = PBXBuildFile; fileRef = 282C66FD1AE782FE00968D1C /* main.m */; };
		282C67011AE782FE00968D1C /* AppDelegate.m in Sources */ = {isa = PBXBuildFile; fileRef = 282C67001AE782FE00968D1C /* AppDelegate.m */; };
		282C67041AE782FE00968D1C /* ViewController.m in Sources */ = {isa = PBXBuildFile; fileRef = 282C67031AE782FE00968D1C /* ViewController.m */; };
		282C67071AE782FE00968D1C /* Main.storyboard in Resources */ = {isa = PBXBuildFile; fileRef = 282C67051AE782FE00968D1C /* Main.storyboard */; };
		282C67091AE782FE00968D1C /* Images.xcassets in Resources */ = {isa = PBXBuildFile; fileRef = 282C67081AE782FE00968D1C /* Images.xcassets */; };
		282C670C1AE782FE00968D1C /* LaunchScreen.xib in Resources */ = {isa = PBXBuildFile; fileRef = 282C670A1AE782FE00968D1C /* LaunchScreen.xib */; };
		282C67181AE782FE00968D1C /* DCZURLTableViewTests.m in Sources */ = {isa = PBXBuildFile; fileRef = 282C67171AE782FE00968D1C /* DCZURLTableViewTests.m */; };
/* End PBXBuildFile section */

/* Begin PBXContainerItemProxy section */
		282C67121AE782FE00968D1C /* PBXContainerItemProxy */ = {
			isa = PBXContainerItemProxy;
			containerPortal = 282C66F01AE782FE00968D1C /* Project object */;
			proxyType = 1;
			remoteGlobalIDString = 282C66F71AE782FE00968D1C;
			remoteInfo = DCZURLTableView;
		};
/* End PBXContainerItemProxy section */

/* Begin PBXFileReference section */
		282C66F81AE782FE00968D1C /* DCZURLTableView.app */ = {isa = PBXFileReference; explicitFileType = wrapper.application; includeInIndex = 0; path = DCZURLTableView.app; sourceTree = BUILT_PRODUCTS_DIR; };
		282C66FC1AE782FE00968D1C /* Info.plist */ = {isa = PBXFileReference; lastKnownFileType = text.plist.xml; path = Info.plist; sourceTree = "<group>"; };
		282C66FD1AE782FE00968D1C /* main.m */ = {isa = PBXFileReference; lastKnownFileType = sourcecode.c.objc; path = main.m; sourceTree = "<group>"; };
		282C66FF1AE782FE00968D1C /* AppDelegate.h */ = {isa = PBXFileReference; lastKnownFileType = sourcecode.c.h; path = AppDelegate.h; sourceTree = "<group>"; };
		282C67001AE782FE00968D1C /* AppDelegate.m */ = {isa = PBXFileReference; lastKnownFileType = sourcecode.c.objc; path = AppDelegate.m; sourceTree = "<group>"; };
		282C67021AE782FE00968D1C /* ViewController.h */ = {isa = PBXFileReference; lastKnownFileType = sourcecode.c.h; path = ViewController.h; sourceTree = "<group>"; };
		282C67031AE782FE00968D1C /* ViewController.m */ = {isa = PBXFileReference; lastKnownFileType = sourcecode.c.objc; path = ViewController.m; sourceTree = "<group>"; };
		282C67061AE782FE00968D1C /* Base */ = {isa = PBXFileReference; lastKnownFileType = file.storyboard; name = Base; path = Base.lproj/Main.storyboard; sourceTree = "<group>"; };
		282C67081AE782FE00968D1C /* Images.xcassets */ = {isa = PBXFileReference; lastKnownFileType = folder.assetcatalog; path = Images.xcassets; sourceTree = "<group>"; };
		282C670B1AE782FE00968D1C /* Base */ = {isa = PBXFileReference; lastKnownFileType = file.xib; name = Base; path = Base.lproj/LaunchScreen.xib; sourceTree = "<group>"; };
		282C67111AE782FE00968D1C /* DCZURLTableViewTests.xctest */ = {isa = PBXFileReference; explicitFileType = wrapper.cfbundle; includeInIndex = 0; path = DCZURLTableViewTests.xctest; sourceTree = BUILT_PRODUCTS_DIR; };
		282C67161AE782FE00968D1C /* Info.plist */ = {isa = PBXFileReference; lastKnownFileType = text.plist.xml; path = Info.plist; sourceTree = "<group>"; };
		282C67171AE782FE00968D1C /* DCZURLTableViewTests.m */ = {isa = PBXFileReference; lastKnownFileType = sourcecode.c.objc; path = DCZURLTableViewTests.m; sourceTree = "<group>"; };
/* End PBXFileReference section */

/* Begin PBXFrameworksBuildPhase section */
		282C66F51AE782FE00968D1C /* Frameworks */ = {
			isa = PBXFrameworksBuildPhase;
			buildActionMask = 2147483647;
			files = (
			);
			runOnlyForDeploymentPostprocessing = 0;
		};
		282C670E1AE782FE00968D1C /* Frameworks */ = {
			isa = PBXFrameworksBuildPhase;
			buildActionMask = 2147483647;
			files = (
			);
			runOnlyForDeploymentPostprocessing = 0;
		};
/* End PBXFrameworksBuildPhase section */

/* Begin PBXGroup section */
		282C66EF1AE782FE00968D1C = {
			isa = PBXGroup;
			children = (
				282C66FA1AE782FE00968D1C /* DCZURLTableView */,
				282C67141AE782FE00968D1C /* DCZURLTableViewTests */,
				282C66F91AE782FE00968D1C /* Products */,
			);
			sourceTree = "<group>";
		};
		282C66F91AE782FE00968D1C /* Products */ = {
			isa = PBXGroup;
			children = (
				282C66F81AE782FE00968D1C /* DCZURLTableView.app */,
				282C67111AE782FE00968D1C /* DCZURLTableViewTests.xctest */,
			);
			name = Products;
			sourceTree = "<group>";
		};
		282C66FA1AE782FE00968D1C /* DCZURLTableView */ = {
			isa = PBXGroup;
			children = (
				282C66FF1AE782FE00968D1C /* AppDelegate.h */,
				282C67001AE782FE00968D1C /* AppDelegate.m */,
				282C67021AE782FE00968D1C /* ViewController.h */,
				282C67031AE782FE00968D1C /* ViewController.m */,
				282C67051AE782FE00968D1C /* Main.storyboard */,
				282C67081AE782FE00968D1C /* Images.xcassets */,
				282C670A1AE782FE00968D1C /* LaunchScreen.xib */,
				282C66FB1AE782FE00968D1C /* Supporting Files */,
			);
			path = DCZURLTableView;
			sourceTree = "<group>";
		};
		282C66FB1AE782FE00968D1C /* Supporting Files */ = {
			isa = PBXGroup;
			children = (
				282C66FC1AE782FE00968D1C /* Info.plist */,
				282C66FD1AE782FE00968D1C /* main.m */,
			);
			name = "Supporting Files";
			sourceTree = "<group>";
		};
		282C67141AE782FE00968D1C /* DCZURLTableViewTests */ = {
			isa = PBXGroup;
			children = (
				282C67171AE782FE00968D1C /* DCZURLTableViewTests.m */,
				282C67151AE782FE00968D1C /* Supporting Files */,
			);
			path = DCZURLTableViewTests;
			sourceTree = "<group>";
		};
		282C67151AE782FE00968D1C /* Supporting Files */ = {
			isa = PBXGroup;
			children = (
				282C67161AE782FE00968D1C /* Info.plist */,
			);
			name = "Supporting Files";
			sourceTree = "<group>";
		};
/* End PBXGroup section */

/* Begin PBXNativeTarget section */
		282C66F71AE782FE00968D1C /* DCZURLTableView */ = {
			isa = PBXNativeTarget;
			buildConfigurationList = 282C671B1AE782FE00968D1C /* Build configuration list for PBXNativeTarget "DCZURLTableView" */;
			buildPhases = (
				282C66F41AE782FE00968D1C /* Sources */,
				282C66F51AE782FE00968D1C /* Frameworks */,
				282C66F61AE782FE00968D1C /* Resources */,
			);
			buildRules = (
			);
			dependencies = (
			);
			name = DCZURLTableView;
			productName = DCZURLTableView;
			productReference = 282C66F81AE782FE00968D1C /* DCZURLTableView.app */;
			productType = "com.apple.product-type.application";
		};
		282C67101AE782FE00968D1C /* DCZURLTableViewTests */ = {
			isa = PBXNativeTarget;
			buildConfigurationList = 282C671E1AE782FE00968D1C /* Build configuration list for PBXNativeTarget "DCZURLTableViewTests" */;
			buildPhases = (
				282C670D1AE782FE00968D1C /* Sources */,
				282C670E1AE782FE00968D1C /* Frameworks */,
				282C670F1AE782FE00968D1C /* Resources */,
			);
			buildRules = (
			);
			dependencies = (
				282C67131AE782FE00968D1C /* PBXTargetDependency */,
			);
			name = DCZURLTableViewTests;
			productName = DCZURLTableViewTests;
			productReference = 282C67111AE782FE00968D1C /* DCZURLTableViewTests.xctest */;
			productType = "com.apple.product-type.bundle.unit-test";
		};
/* End PBXNativeTarget section */

/* Begin PBXProject section */
		282C66F01AE782FE00968D1C /* Project object */ = {
			isa = PBXProject;
			attributes = {
				LastUpgradeCheck = 0610;
				ORGANIZATIONNAME = "Dean Zaslow";
				TargetAttributes = {
					282C66F71AE782FE00968D1C = {
						CreatedOnToolsVersion = 6.1;
					};
					282C67101AE782FE00968D1C = {
						CreatedOnToolsVersion = 6.1;
						TestTargetID = 282C66F71AE782FE00968D1C;
					};
				};
			};
			buildConfigurationList = 282C66F31AE782FE00968D1C /* Build configuration list for PBXProject "DCZURLTableView" */;
			compatibilityVersion = "Xcode 3.2";
			developmentRegion = English;
			hasScannedForEncodings = 0;
			knownRegions = (
				en,
				Base,
			);
			mainGroup = 282C66EF1AE782FE00968D1C;
			productRefGroup = 282C66F91AE782FE00968D1C /* Products */;
			projectDirPath = "";
			projectRoot = "";
			targets = (
				282C66F71AE782FE00968D1C /* DCZURLTableView */,
				282C67101AE782FE00968D1C /* DCZURLTableViewTests */,
			);
		};
/* End PBXProject section */

/* Begin PBXResourcesBuildPhase section */
		282C66F61AE782FE00968D1C /* Resources */ = {
			isa = PBXResourcesBuildPhase;
			buildActionMask = 2147483647;
			files = (
				282C67071AE782FE00968D1C /* Main.storyboard in Resources */,
				282C670C1AE782FE00968D1C /* LaunchScreen.xib in Resources */,
				282C67091AE782FE00968D1C /* Images.xcassets in Resources */,
			);
			runOnlyForDeploymentPostprocessing = 0;
		};
		282C670F1AE782FE00968D1C /* Resources */ = {
			isa = PBXResourcesBuildPhase;
			buildActionMask = 2147483647;
			files = (
			);
			runOnlyForDeploymentPostprocessing = 0;
		};
/* End PBXResourcesBuildPhase section */

/* Begin PBXSourcesBuildPhase section */
		282C66F41AE782FE00968D1C /* Sources */ = {
			isa = PBXSourcesBuildPhase;
			buildActionMask = 2147483647;
			files = (
				282C67041AE782FE00968D1C /* ViewController.m in Sources */,
				282C67011AE782FE00968D1C /* AppDelegate.m in Sources */,
				282C66FE1AE782FE00968D1C /* main.m in Sources */,
			);
			runOnlyForDeploymentPostprocessing = 0;
		};
		282C670D1AE782FE00968D1C /* Sources */ = {
			isa = PBXSourcesBuildPhase;
			buildActionMask = 2147483647;
			files = (
				282C67181AE782FE00968D1C /* DCZURLTableViewTests.m in Sources */,
			);
			runOnlyForDeploymentPostprocessing = 0;
		};
/* End PBXSourcesBuildPhase section */

/* Begin PBXTargetDependency section */
		282C67131AE782FE00968D1C /* PBXTargetDependency */ = {
			isa = PBXTargetDependency;
			target = 282C66F71AE782FE00968D1C /* DCZURLTableView */;
			targetProxy = 282C67121AE782FE00968D1C /* PBXContainerItemProxy */;
		};
/* End PBXTargetDependency section */

/* Begin PBXVariantGroup section */
		282C67051AE782FE00968D1C /* Main.storyboard */ = {
			isa = PBXVariantGroup;
			children = (
				282C67061AE782FE00968D1C /* Base */,
			);
			name = Main.storyboard;
			sourceTree = "<group>";
		};
		282C670A1AE782FE00968D1C /* LaunchScreen.xib */ = {
			isa = PBXVariantGroup;
			children = (
				282C670B1AE782FE00968D1C /* Base */,
			);
			name = LaunchScreen.xib;
			sourceTree = "<group>";
		};
/* End PBXVariantGroup section */

/* Begin XCBuildConfiguration section */
		282C67191AE782FE00968D1C /* Debug */ = {
			isa = XCBuildConfiguration;
			buildSettings = {
				ALWAYS_SEARCH_USER_PATHS = NO;
				CLANG_CXX_LANGUAGE_STANDARD = "gnu++0x";
				CLANG_CXX_LIBRARY = "libc++";
				CLANG_ENABLE_MODULES = YES;
				CLANG_ENABLE_OBJC_ARC = YES;
				CLANG_WARN_BOOL_CONVERSION = YES;
				CLANG_WARN_CONSTANT_CONVERSION = YES;
				CLANG_WARN_DIRECT_OBJC_ISA_USAGE = YES_ERROR;
				CLANG_WARN_EMPTY_BODY = YES;
				CLANG_WARN_ENUM_CONVERSION = YES;
				CLANG_WARN_INT_CONVERSION = YES;
				CLANG_WARN_OBJC_ROOT_CLASS = YES_ERROR;
				CLANG_WARN_UNREACHABLE_CODE = YES;
				CLANG_WARN__DUPLICATE_METHOD_MATCH = YES;
				"CODE_SIGN_IDENTITY[sdk=iphoneos*]" = "iPhone Developer";
				COPY_PHASE_STRIP = NO;
				ENABLE_STRICT_OBJC_MSGSEND = YES;
				GCC_C_LANGUAGE_STANDARD = gnu99;
				GCC_DYNAMIC_NO_PIC = NO;
				GCC_OPTIMIZATION_LEVEL = 0;
				GCC_PREPROCESSOR_DEFINITIONS = (
					"DEBUG=1",
					"$(inherited)",
				);
				GCC_SYMBOLS_PRIVATE_EXTERN = NO;
				GCC_WARN_64_TO_32_BIT_CONVERSION = YES;
				GCC_WARN_ABOUT_RETURN_TYPE = YES_ERROR;
				GCC_WARN_UNDECLARED_SELECTOR = YES;
				GCC_WARN_UNINITIALIZED_AUTOS = YES_AGGRESSIVE;
				GCC_WARN_UNUSED_FUNCTION = YES;
				GCC_WARN_UNUSED_VARIABLE = YES;
				IPHONEOS_DEPLOYMENT_TARGET = 8.1;
				MTL_ENABLE_DEBUG_INFO = YES;
				ONLY_ACTIVE_ARCH = YES;
				SDKROOT = iphoneos;
				TARGETED_DEVICE_FAMILY = "1,2";
			};
			name = Debug;
		};
		282C671A1AE782FE00968D1C /* Release */ = {
			isa = XCBuildConfiguration;
			buildSettings = {
				ALWAYS_SEARCH_USER_PATHS = NO;
				CLANG_CXX_LANGUAGE_STANDARD = "gnu++0x";
				CLANG_CXX_LIBRARY = "libc++";
				CLANG_ENABLE_MODULES = YES;
				CLANG_ENABLE_OBJC_ARC = YES;
				CLANG_WARN_BOOL_CONVERSION = YES;
				CLANG_WARN_CONSTANT_CONVERSION = YES;
				CLANG_WARN_DIRECT_OBJC_ISA_USAGE = YES_ERROR;
				CLANG_WARN_EMPTY_BODY = YES;
				CLANG_WARN_ENUM_CONVERSION = YES;
				CLANG_WARN_INT_CONVERSION = YES;
				CLANG_WARN_OBJC_ROOT_CLASS = YES_ERROR;
				CLANG_WARN_UNREACHABLE_CODE = YES;
				CLANG_WARN__DUPLICATE_METHOD_MATCH = YES;
				"CODE_SIGN_IDENTITY[sdk=iphoneos*]" = "iPhone Developer";
				COPY_PHASE_STRIP = YES;
				ENABLE_NS_ASSERTIONS = NO;
				ENABLE_STRICT_OBJC_MSGSEND = YES;
				GCC_C_LANGUAGE_STANDARD = gnu99;
				GCC_WARN_64_TO_32_BIT_CONVERSION = YES;
				GCC_WARN_ABOUT_RETURN_TYPE = YES_ERROR;
				GCC_WARN_UNDECLARED_SELECTOR = YES;
				GCC_WARN_UNINITIALIZED_AUTOS = YES_AGGRESSIVE;
				GCC_WARN_UNUSED_FUNCTION = YES;
				GCC_WARN_UNUSED_VARIABLE = YES;
				IPHONEOS_DEPLOYMENT_TARGET = 8.1;
				MTL_ENABLE_DEBUG_INFO = NO;
				SDKROOT = iphoneos;
				TARGETED_DEVICE_FAMILY = "1,2";
				VALIDATE_PRODUCT = YES;
			};
			name = Release;
		};
		282C671C1AE782FE00968D1C /* Debug */ = {
			isa = XCBuildConfiguration;
			buildSettings = {
				ASSETCATALOG_COMPILER_APPICON_NAME = AppIcon;
				INFOPLIST_FILE = DCZURLTableView/Info.plist;
				LD_RUNPATH_SEARCH_PATHS = "$(inherited) @executable_path/Frameworks";
				PRODUCT_NAME = "$(TARGET_NAME)";
			};
			name = Debug;
		};
		282C671D1AE782FE00968D1C /* Release */ = {
			isa = XCBuildConfiguration;
			buildSettings = {
				ASSETCATALOG_COMPILER_APPICON_NAME = AppIcon;
				INFOPLIST_FILE = DCZURLTableView/Info.plist;
				LD_RUNPATH_SEARCH_PATHS = "$(inherited) @executable_path/Frameworks";
				PRODUCT_NAME = "$(TARGET_NAME)";
			};
			name = Release;
		};
		282C671F1AE782FE00968D1C /* Debug */ = {
			isa = XCBuildConfiguration;
			buildSettings = {
				BUNDLE_LOADER = "$(TEST_HOST)";
				FRAMEWORK_SEARCH_PATHS = (
					"$(SDKROOT)/Developer/Library/Frameworks",
					"$(inherited)",
				);
				GCC_PREPROCESSOR_DEFINITIONS = (
					"DEBUG=1",
					"$(inherited)",
				);
				INFOPLIST_FILE = DCZURLTableViewTests/Info.plist;
				LD_RUNPATH_SEARCH_PATHS = "$(inherited) @executable_path/Frameworks @loader_path/Frameworks";
				PRODUCT_NAME = "$(TARGET_NAME)";
				TEST_HOST = "$(BUILT_PRODUCTS_DIR)/DCZURLTableView.app/DCZURLTableView";
			};
			name = Debug;
		};
		282C67201AE782FE00968D1C /* Release */ = {
			isa = XCBuildConfiguration;
			buildSettings = {
				BUNDLE_LOADER = "$(TEST_HOST)";
				FRAMEWORK_SEARCH_PATHS = (
					"$(SDKROOT)/Developer/Library/Frameworks",
					"$(inherited)",
				);
				INFOPLIST_FILE = DCZURLTableViewTests/Info.plist;
				LD_RUNPATH_SEARCH_PATHS = "$(inherited) @executable_path/Frameworks @loader_path/Frameworks";
				PRODUCT_NAME = "$(TARGET_NAME)";
				TEST_HOST = "$(BUILT_PRODUCTS_DIR)/DCZURLTableView.app/DCZURLTableView";
			};
			name = Release;
		};
/* End XCBuildConfiguration section */

/* Begin XCConfigurationList section */
		282C66F31AE782FE00968D1C /* Build configuration list for PBXProject "DCZURLTableView" */ = {
			isa = XCConfigurationList;
			buildConfigurations = (
				282C67191AE782FE00968D1C /* Debug */,
				282C671A1AE782FE00968D1C /* Release */,
			);
			defaultConfigurationIsVisible = 0;
			defaultConfigurationName = Release;
		};
		282C671B1AE782FE00968D1C /* Build configuration list for PBXNativeTarget "DCZURLTableView" */ = {
			isa = XCConfigurationList;
			buildConfigurations = (
				282C671C1AE782FE00968D1C /* Debug */,
				282C671D1AE782FE00968D1C /* Release */,
			);
			defaultConfigurationIsVisible = 0;
		};
		282C671E1AE782FE00968D1C /* Build configuration list for PBXNativeTarget "DCZURLTableViewTests" */ = {
			isa = XCConfigurationList;
			buildConfigurations = (
				282C671F1AE782FE00968D1C /* Debug */,
				282C67201AE782FE00968D1C /* Release */,
			);
			defaultConfigurationIsVisible = 0;
		};
/* End XCConfigurationList section */
	};
	rootObject = 282C66F01AE782FE00968D1C /* Project object */;
}
